# This file is autogenerated, do not edit; changes may be undone by the next 'dep ensure'.


[[projects]]
  digest = "1:b7a0adf70fffe2799ce38cd0c2349b1e6b1d13b4295fae76eca4a25d5fb72705"
  name = "github.com/go-ozzo/ozzo-validation"
  packages = ["."]
  pruneopts = "UT"
  revision = "c0d3bb3ac5f43ebb9fc22eaeb7d8c07836b7973b"
  version = "v4.3.0"

[[projects]]
  digest = "1:01ed62f8f4f574d8aff1d88caee113700a2b44c42351943fa73cc1808f736a50"
  name = "github.com/jinzhu/inflection"
  packages = ["."]
  pruneopts = "UT"
  revision = "f5c5f50e6090ae76a29240b61ae2a90dd810112e"
  version = "v1.0.0"

[[projects]]
  digest = "1:b4c44b48dcfecfdf38e2adfd8d20b39d5fc2baa04c8a51af885f136c2fe5a936"
  name = "github.com/jinzhu/now"
  packages = ["."]
  pruneopts = "UT"
  revision = "e8c28ddddc015eb8c0a5781a7428cc0bc1b2a5c9"
  version = "v1.1.2"

[[projects]]
  digest = "1:644defdb08056e981dc8b8142d6582740a8efb9152585e42930ee28989ae8d23"
  name = "github.com/labstack/echo"
  packages = ["."]
  pruneopts = "UT"
  revision = "5b8fa6979f5803ff091e24c9a0331aa1b38de302"
  version = "v4.5.0"

[[projects]]
  digest = "1:9bc108827ac1d8783dea294f1ef07732fa4ca7d6e20518c04888a85828eba4ce"
  name = "github.com/labstack/gommon"
  packages = [
    "color",
    "log",
  ]
  pruneopts = "UT"
  revision = "4919956f6fb227b548f004da27c7c6b20fba499f"
  version = "v0.3.0"

[[projects]]
  digest = "1:1a1915157e0aec5d117a09914c139735bf8ea0c0cd58b5796c9c88597b6d1741"
  name = "github.com/lib/pq"
  packages = [
    ".",
    "oid",
    "scram",
  ]
  pruneopts = "UT"
  revision = "2da6713d67f03911a05b1b6559adc85927fe076e"
  version = "v1.10.2"

[[projects]]
  digest = "1:304d25ecc3f4ca39f894c959254d3f5fc6176276ccf1f874ded0cd441e2f964f"
  name = "github.com/mattn/go-colorable"
  packages = ["."]
  pruneopts = "UT"
  revision = "2e1b0c1546e0173c0907cf05c67b8ba29ed8b4d1"
  version = "v0.1.8"

[[projects]]
  digest = "1:f0d049b77e8f5a23aa89750a9f0da6417dc3abf0b7f3f35a161c1c5eb9f926a4"
  name = "github.com/mattn/go-isatty"
  packages = ["."]
  pruneopts = "UT"
  revision = "8b0c6d82fa8980f9bff874afff66860a0c3e9c5c"
  version = "v0.0.13"

[[projects]]
  digest = "1:dc48dff981a895912c33cf272b1d869c216d058bd4025736cb481d3ceeed6872"
  name = "github.com/tkanos/gonfig"
  packages = ["."]
  pruneopts = "UT"
  revision = "e83209aed2d171bab5ffb312a1e630110481cb99"
  version = "1.0"

[[projects]]
  digest = "1:c468422f334a6b46a19448ad59aaffdfc0a36b08fdcc1c749a0b29b6453d7e59"
  name = "github.com/valyala/bytebufferpool"
  packages = ["."]
  pruneopts = "UT"
  revision = "e746df99fe4a3986f4d4f79e13c1e0117ce9c2f7"
  version = "v1.0.0"

[[projects]]
  digest = "1:d724474523928294ece8cc97e8d2371f27c7e6d3068bfa9ace93bd3105b4fdbd"
  name = "github.com/valyala/fasttemplate"
  packages = ["."]
  pruneopts = "UT"
  revision = "2275c48ed3e40f01fa347e220be31070a89b6ad4"
  version = "v1.2.1"

[[projects]]
  branch = "master"
  digest = "1:40250ee5a394f92daf4aa9cb0f8afe633d1b80cf61d3be9a02694e05eaf1079a"
  name = "golang.org/x/crypto"
  packages = [
    "acme",
    "acme/autocert",
    "bcrypt",
    "blowfish",
  ]
  pruneopts = "UT"
  revision = "32db794688a5a24a23a43f2a984cecd5b3d8da58"

[[projects]]
  branch = "master"
  digest = "1:da304c496189d5c65d3fea24ffb42250165a41fb328990b45ca709d25e48fc45"
  name = "golang.org/x/net"
  packages = [
    "http/httpguts",
    "http2",
    "http2/h2c",
    "http2/hpack",
    "idna",
  ]
  pruneopts = "UT"
  revision = "60bc85c4be6d32924bcfddb728394cb8713f2c78"

[[projects]]
  branch = "master"
  digest = "1:c0336c0b4f6a7a910b038cad450c8526d5fd3b1fc1133cfcd030d7212f4be344"
  name = "golang.org/x/sys"
  packages = [
    "internal/unsafeheader",
    "unix",
  ]
  pruneopts = "UT"
  revision = "00dd8d7831e74e3c7f4b13e3a768c7a3969307c7"

[[projects]]
  digest = "1:c9f99de7a59710d6160060a62e92e3c2899174af0b60cc8f4188eb98a5a0d1e6"
  name = "golang.org/x/text"
  packages = [
    "collate",
    "collate/build",
    "internal/colltab",
    "internal/gen",
    "internal/language",
    "internal/language/compact",
    "internal/tag",
    "internal/triegen",
    "internal/ucd",
    "language",
    "secure/bidirule",
    "transform",
    "unicode/bidi",
    "unicode/cldr",
    "unicode/norm",
    "unicode/rangetable",
  ]
  pruneopts = "UT"
  revision = "383b2e75a7a4198c42f8f87833eefb772868a56f"
  version = "v0.3.7"

[[projects]]
  digest = "1:cf0eeff871fb146d0a77cfb6eecc38e79f7458fe6d05726ee59654d9799711ca"
  name = "gorm.io/driver/postgres"
  packages = ["."]
  pruneopts = "UT"
  revision = "2591a12c4fdf62e81734996d0361db21fe90ae45"
  version = "v0.2.4"

[[projects]]
  digest = "1:d0e97176a0bd4c55dec81a1f9e7580d32f9eb6e804a39bacf1ba6f40ddc6a91b"
  name = "gorm.io/gorm"
  packages = [
    ".",
    "callbacks",
    "clause",
    "logger",
    "migrator",
    "schema",
    "utils",
  ]
  pruneopts = "UT"
  revision = "2b2f6e77af28e57e7bbea5962d58b1a7cb8ff47b"
  version = "v1.21.13"

[solve-meta]
  analyzer-name = "dep"
  analyzer-version = 1
  input-imports = [
    "github.com/go-ozzo/ozzo-validation",
    "github.com/labstack/echo",
    "github.com/tkanos/gonfig",
    "golang.org/x/crypto/bcrypt",
    "gorm.io/driver/postgres",
    "gorm.io/gorm",
  ]
  solver-name = "gps-cdcl"
  solver-version = 1
